
Microsoft Visual Studio Solution File, Format Version 12.00
# Visual Studio Version 16
VisualStudioVersion = 16.0.33529.622
MinimumVisualStudioVersion = 10.0.40219.1
Project("{FAE04EC0-301F-11D3-BF4B-00C04F79EFBC}") = "ConsoleApp", "ConsoleApp.csproj", "{BFF0DCFE-32E4-4042-904D-A5FF0892574D}"
EndProject
Global
	GlobalSection(SolutionConfigurationPlatforms) = preSolution
		Debug|Any CPU = Debug|Any CPU
		Release|Any CPU = Release|Any CPU
	EndGlobalSection
	GlobalSection(ProjectConfigurationPlatforms) = postSolution
		{BFF0DCFE-32E4-4042-904D-A5FF0892574D}.Debug|Any CPU.ActiveCfg = Debug|Any CPU
		{BFF0DCFE-32E4-4042-904D-A5FF0892574D}.Debug|Any CPU.Build.0 = Debug|Any CPU
		{BFF0DCFE-32E4-4042-904D-A5FF0892574D}.Release|Any CPU.ActiveCfg = Release|Any CPU
		{BFF0DCFE-32E4-4042-904D-A5FF0892574D}.Release|Any CPU.Build.0 = Release|Any CPU
	EndGlobalSection
	GlobalSection(SolutionProperties) = preSolution
		HideSolutionNode = FALSE
	EndGlobalSection
	GlobalSection(ExtensibilityGlobals) = postSolution
		SolutionGuid = {A748C404-3BB5-4D92-8D72-0350741917A4}
	EndGlobalSection
EndGlobal
