
Microsoft Visual Studio Solution File, Format Version 12.00
# Visual Studio Version 16
VisualStudioVersion = 16.0.33529.622
MinimumVisualStudioVersion = 10.0.40219.1
Project("{FAE04EC0-301F-11D3-BF4B-00C04F79EFBC}") = "StringAssignment", "StringAssignment.csproj", "{10DBB592-E711-45E5-9A7D-7CE0E5E1E1BA}"
EndProject
Global
	GlobalSection(SolutionConfigurationPlatforms) = preSolution
		Debug|Any CPU = Debug|Any CPU
		Release|Any CPU = Release|Any CPU
	EndGlobalSection
	GlobalSection(ProjectConfigurationPlatforms) = postSolution
		{10DBB592-E711-45E5-9A7D-7CE0E5E1E1BA}.Debug|Any CPU.ActiveCfg = Debug|Any CPU
		{10DBB592-E711-45E5-9A7D-7CE0E5E1E1BA}.Debug|Any CPU.Build.0 = Debug|Any CPU
		{10DBB592-E711-45E5-9A7D-7CE0E5E1E1BA}.Release|Any CPU.ActiveCfg = Release|Any CPU
		{10DBB592-E711-45E5-9A7D-7CE0E5E1E1BA}.Release|Any CPU.Build.0 = Release|Any CPU
	EndGlobalSection
	GlobalSection(SolutionProperties) = preSolution
		HideSolutionNode = FALSE
	EndGlobalSection
	GlobalSection(ExtensibilityGlobals) = postSolution
		SolutionGuid = {1792DC99-420C-4E6B-9ACD-590EC502075A}
	EndGlobalSection
EndGlobal
