
Microsoft Visual Studio Solution File, Format Version 12.00
# Visual Studio Version 16
VisualStudioVersion = 16.0.33529.622
MinimumVisualStudioVersion = 10.0.40219.1
Project("{FAE04EC0-301F-11D3-BF4B-00C04F79EFBC}") = "ConsoleAppPart4", "ConsoleAppPart4.csproj", "{402117A1-8E9A-4B16-90C5-F9CBDA0C71C1}"
EndProject
Global
	GlobalSection(SolutionConfigurationPlatforms) = preSolution
		Debug|Any CPU = Debug|Any CPU
		Release|Any CPU = Release|Any CPU
	EndGlobalSection
	GlobalSection(ProjectConfigurationPlatforms) = postSolution
		{402117A1-8E9A-4B16-90C5-F9CBDA0C71C1}.Debug|Any CPU.ActiveCfg = Debug|Any CPU
		{402117A1-8E9A-4B16-90C5-F9CBDA0C71C1}.Debug|Any CPU.Build.0 = Debug|Any CPU
		{402117A1-8E9A-4B16-90C5-F9CBDA0C71C1}.Release|Any CPU.ActiveCfg = Release|Any CPU
		{402117A1-8E9A-4B16-90C5-F9CBDA0C71C1}.Release|Any CPU.Build.0 = Release|Any CPU
	EndGlobalSection
	GlobalSection(SolutionProperties) = preSolution
		HideSolutionNode = FALSE
	EndGlobalSection
	GlobalSection(ExtensibilityGlobals) = postSolution
		SolutionGuid = {EB9830AD-0BDC-4F5A-91C3-3335DCBACBD6}
	EndGlobalSection
EndGlobal
