
Microsoft Visual Studio Solution File, Format Version 12.00
# Visual Studio Version 16
VisualStudioVersion = 16.0.33529.622
MinimumVisualStudioVersion = 10.0.40219.1
Project("{FAE04EC0-301F-11D3-BF4B-00C04F79EFBC}") = "ParsingEnums", "ParsingEnums.csproj", "{B4E1D4B3-6E0A-4FD6-A86F-600921960CE4}"
EndProject
Global
	GlobalSection(SolutionConfigurationPlatforms) = preSolution
		Debug|Any CPU = Debug|Any CPU
		Release|Any CPU = Release|Any CPU
	EndGlobalSection
	GlobalSection(ProjectConfigurationPlatforms) = postSolution
		{B4E1D4B3-6E0A-4FD6-A86F-600921960CE4}.Debug|Any CPU.ActiveCfg = Debug|Any CPU
		{B4E1D4B3-6E0A-4FD6-A86F-600921960CE4}.Debug|Any CPU.Build.0 = Debug|Any CPU
		{B4E1D4B3-6E0A-4FD6-A86F-600921960CE4}.Release|Any CPU.ActiveCfg = Release|Any CPU
		{B4E1D4B3-6E0A-4FD6-A86F-600921960CE4}.Release|Any CPU.Build.0 = Release|Any CPU
	EndGlobalSection
	GlobalSection(SolutionProperties) = preSolution
		HideSolutionNode = FALSE
	EndGlobalSection
	GlobalSection(ExtensibilityGlobals) = postSolution
		SolutionGuid = {59C4E07F-4397-438D-8CD2-4B883EFAF34C}
	EndGlobalSection
EndGlobal
