
Microsoft Visual Studio Solution File, Format Version 12.00
# Visual Studio Version 16
VisualStudioVersion = 16.0.33529.622
MinimumVisualStudioVersion = 10.0.40219.1
Project("{FAE04EC0-301F-11D3-BF4B-00C04F79EFBC}") = "MethodClass", "MethodClass.csproj", "{B6FBFF1D-20EB-4303-A976-5D0A21E65F46}"
EndProject
Global
	GlobalSection(SolutionConfigurationPlatforms) = preSolution
		Debug|Any CPU = Debug|Any CPU
		Release|Any CPU = Release|Any CPU
	EndGlobalSection
	GlobalSection(ProjectConfigurationPlatforms) = postSolution
		{B6FBFF1D-20EB-4303-A976-5D0A21E65F46}.Debug|Any CPU.ActiveCfg = Debug|Any CPU
		{B6FBFF1D-20EB-4303-A976-5D0A21E65F46}.Debug|Any CPU.Build.0 = Debug|Any CPU
		{B6FBFF1D-20EB-4303-A976-5D0A21E65F46}.Release|Any CPU.ActiveCfg = Release|Any CPU
		{B6FBFF1D-20EB-4303-A976-5D0A21E65F46}.Release|Any CPU.Build.0 = Release|Any CPU
	EndGlobalSection
	GlobalSection(SolutionProperties) = preSolution
		HideSolutionNode = FALSE
	EndGlobalSection
	GlobalSection(ExtensibilityGlobals) = postSolution
		SolutionGuid = {91DD126E-D24F-4D7F-A1A8-35F45F1520C7}
	EndGlobalSection
EndGlobal
