
Microsoft Visual Studio Solution File, Format Version 12.00
# Visual Studio Version 16
VisualStudioVersion = 16.0.33529.622
MinimumVisualStudioVersion = 10.0.40219.1
Project("{FAE04EC0-301F-11D3-BF4B-00C04F79EFBC}") = "IterationPart1", "IterationPart1.csproj", "{F31CCEAF-D9E3-43D3-ACDD-6A196BFB9820}"
EndProject
Global
	GlobalSection(SolutionConfigurationPlatforms) = preSolution
		Debug|Any CPU = Debug|Any CPU
		Release|Any CPU = Release|Any CPU
	EndGlobalSection
	GlobalSection(ProjectConfigurationPlatforms) = postSolution
		{F31CCEAF-D9E3-43D3-ACDD-6A196BFB9820}.Debug|Any CPU.ActiveCfg = Debug|Any CPU
		{F31CCEAF-D9E3-43D3-ACDD-6A196BFB9820}.Debug|Any CPU.Build.0 = Debug|Any CPU
		{F31CCEAF-D9E3-43D3-ACDD-6A196BFB9820}.Release|Any CPU.ActiveCfg = Release|Any CPU
		{F31CCEAF-D9E3-43D3-ACDD-6A196BFB9820}.Release|Any CPU.Build.0 = Release|Any CPU
	EndGlobalSection
	GlobalSection(SolutionProperties) = preSolution
		HideSolutionNode = FALSE
	EndGlobalSection
	GlobalSection(ExtensibilityGlobals) = postSolution
		SolutionGuid = {4995E89E-017A-4C6F-8D0E-6E2375A845B6}
	EndGlobalSection
EndGlobal
