
Microsoft Visual Studio Solution File, Format Version 12.00
# Visual Studio Version 16
VisualStudioVersion = 16.0.33529.622
MinimumVisualStudioVersion = 10.0.40219.1
Project("{FAE04EC0-301F-11D3-BF4B-00C04F79EFBC}") = "TryCatchAssign", "TryCatchAssign.csproj", "{38F4BA41-844B-4CF5-959E-793AE9E704CF}"
EndProject
Global
	GlobalSection(SolutionConfigurationPlatforms) = preSolution
		Debug|Any CPU = Debug|Any CPU
		Release|Any CPU = Release|Any CPU
	EndGlobalSection
	GlobalSection(ProjectConfigurationPlatforms) = postSolution
		{38F4BA41-844B-4CF5-959E-793AE9E704CF}.Debug|Any CPU.ActiveCfg = Debug|Any CPU
		{38F4BA41-844B-4CF5-959E-793AE9E704CF}.Debug|Any CPU.Build.0 = Debug|Any CPU
		{38F4BA41-844B-4CF5-959E-793AE9E704CF}.Release|Any CPU.ActiveCfg = Release|Any CPU
		{38F4BA41-844B-4CF5-959E-793AE9E704CF}.Release|Any CPU.Build.0 = Release|Any CPU
	EndGlobalSection
	GlobalSection(SolutionProperties) = preSolution
		HideSolutionNode = FALSE
	EndGlobalSection
	GlobalSection(ExtensibilityGlobals) = postSolution
		SolutionGuid = {9FE15D57-756D-4659-A4AC-1CC874F9D7E5}
	EndGlobalSection
EndGlobal
