
Microsoft Visual Studio Solution File, Format Version 12.00
# Visual Studio Version 16
VisualStudioVersion = 16.0.33529.622
MinimumVisualStudioVersion = 10.0.40219.1
Project("{FAE04EC0-301F-11D3-BF4B-00C04F79EFBC}") = "Branching", "Branching.csproj", "{AAD40FB0-A5AC-4C4D-8322-C3E028BD4480}"
EndProject
Global
	GlobalSection(SolutionConfigurationPlatforms) = preSolution
		Debug|Any CPU = Debug|Any CPU
		Release|Any CPU = Release|Any CPU
	EndGlobalSection
	GlobalSection(ProjectConfigurationPlatforms) = postSolution
		{AAD40FB0-A5AC-4C4D-8322-C3E028BD4480}.Debug|Any CPU.ActiveCfg = Debug|Any CPU
		{AAD40FB0-A5AC-4C4D-8322-C3E028BD4480}.Debug|Any CPU.Build.0 = Debug|Any CPU
		{AAD40FB0-A5AC-4C4D-8322-C3E028BD4480}.Release|Any CPU.ActiveCfg = Release|Any CPU
		{AAD40FB0-A5AC-4C4D-8322-C3E028BD4480}.Release|Any CPU.Build.0 = Release|Any CPU
	EndGlobalSection
	GlobalSection(SolutionProperties) = preSolution
		HideSolutionNode = FALSE
	EndGlobalSection
	GlobalSection(ExtensibilityGlobals) = postSolution
		SolutionGuid = {E57ABE95-CEDF-4A8D-9CF1-48E82366FC54}
	EndGlobalSection
EndGlobal
