
Microsoft Visual Studio Solution File, Format Version 12.00
# Visual Studio Version 16
VisualStudioVersion = 16.0.33529.622
MinimumVisualStudioVersion = 10.0.40219.1
Project("{FAE04EC0-301F-11D3-BF4B-00C04F79EFBC}") = "WebApplication2", "WebApplication2.csproj", "{2BB9CA71-92CE-4D22-944F-179519A1FFE4}"
EndProject
Global
	GlobalSection(SolutionConfigurationPlatforms) = preSolution
		Debug|Any CPU = Debug|Any CPU
		Release|Any CPU = Release|Any CPU
	EndGlobalSection
	GlobalSection(ProjectConfigurationPlatforms) = postSolution
		{2BB9CA71-92CE-4D22-944F-179519A1FFE4}.Debug|Any CPU.ActiveCfg = Debug|Any CPU
		{2BB9CA71-92CE-4D22-944F-179519A1FFE4}.Debug|Any CPU.Build.0 = Debug|Any CPU
		{2BB9CA71-92CE-4D22-944F-179519A1FFE4}.Release|Any CPU.ActiveCfg = Release|Any CPU
		{2BB9CA71-92CE-4D22-944F-179519A1FFE4}.Release|Any CPU.Build.0 = Release|Any CPU
	EndGlobalSection
	GlobalSection(SolutionProperties) = preSolution
		HideSolutionNode = FALSE
	EndGlobalSection
	GlobalSection(ExtensibilityGlobals) = postSolution
		SolutionGuid = {B6AA91EF-D785-4845-819A-FBBB77733C47}
	EndGlobalSection
EndGlobal
