
Microsoft Visual Studio Solution File, Format Version 12.00
# Visual Studio Version 16
VisualStudioVersion = 16.0.33529.622
MinimumVisualStudioVersion = 10.0.40219.1
Project("{FAE04EC0-301F-11D3-BF4B-00C04F79EFBC}") = "TwentyOne", "TwentyOne.csproj", "{D703805E-9AFD-45FA-952D-EE61FA76F91D}"
EndProject
Project("{FAE04EC0-301F-11D3-BF4B-00C04F79EFBC}") = "Casino", "..\Casino\Casino.csproj", "{350F891B-A932-4411-B46F-6E0CBCEB3FBB}"
EndProject
Global
	GlobalSection(SolutionConfigurationPlatforms) = preSolution
		Debug|Any CPU = Debug|Any CPU
		Release|Any CPU = Release|Any CPU
	EndGlobalSection
	GlobalSection(ProjectConfigurationPlatforms) = postSolution
		{D703805E-9AFD-45FA-952D-EE61FA76F91D}.Debug|Any CPU.ActiveCfg = Debug|Any CPU
		{D703805E-9AFD-45FA-952D-EE61FA76F91D}.Debug|Any CPU.Build.0 = Debug|Any CPU
		{D703805E-9AFD-45FA-952D-EE61FA76F91D}.Release|Any CPU.ActiveCfg = Release|Any CPU
		{D703805E-9AFD-45FA-952D-EE61FA76F91D}.Release|Any CPU.Build.0 = Release|Any CPU
		{350F891B-A932-4411-B46F-6E0CBCEB3FBB}.Debug|Any CPU.ActiveCfg = Debug|Any CPU
		{350F891B-A932-4411-B46F-6E0CBCEB3FBB}.Debug|Any CPU.Build.0 = Debug|Any CPU
		{350F891B-A932-4411-B46F-6E0CBCEB3FBB}.Release|Any CPU.ActiveCfg = Release|Any CPU
		{350F891B-A932-4411-B46F-6E0CBCEB3FBB}.Release|Any CPU.Build.0 = Release|Any CPU
	EndGlobalSection
	GlobalSection(SolutionProperties) = preSolution
		HideSolutionNode = FALSE
	EndGlobalSection
	GlobalSection(ExtensibilityGlobals) = postSolution
		SolutionGuid = {A135435A-9FF5-46D4-81FC-7FBE342E0EFB}
	EndGlobalSection
EndGlobal
