
Microsoft Visual Studio Solution File, Format Version 12.00
# Visual Studio Version 16
VisualStudioVersion = 16.0.33529.622
MinimumVisualStudioVersion = 10.0.40219.1
Project("{FAE04EC0-301F-11D3-BF4B-00C04F79EFBC}") = "BooleanLogic", "BooleanLogic.csproj", "{753549DC-50D5-4F8F-8AC1-669364F796A0}"
EndProject
Global
	GlobalSection(SolutionConfigurationPlatforms) = preSolution
		Debug|Any CPU = Debug|Any CPU
		Release|Any CPU = Release|Any CPU
	EndGlobalSection
	GlobalSection(ProjectConfigurationPlatforms) = postSolution
		{753549DC-50D5-4F8F-8AC1-669364F796A0}.Debug|Any CPU.ActiveCfg = Debug|Any CPU
		{753549DC-50D5-4F8F-8AC1-669364F796A0}.Debug|Any CPU.Build.0 = Debug|Any CPU
		{753549DC-50D5-4F8F-8AC1-669364F796A0}.Release|Any CPU.ActiveCfg = Release|Any CPU
		{753549DC-50D5-4F8F-8AC1-669364F796A0}.Release|Any CPU.Build.0 = Release|Any CPU
	EndGlobalSection
	GlobalSection(SolutionProperties) = preSolution
		HideSolutionNode = FALSE
	EndGlobalSection
	GlobalSection(ExtensibilityGlobals) = postSolution
		SolutionGuid = {F2A47B49-1B2F-4B0C-A93F-071196F2C0F6}
	EndGlobalSection
EndGlobal
