
Microsoft Visual Studio Solution File, Format Version 12.00
# Visual Studio Version 16
VisualStudioVersion = 16.0.33529.622
MinimumVisualStudioVersion = 10.0.40219.1
Project("{FAE04EC0-301F-11D3-BF4B-00C04F79EFBC}") = "FinalChallenge", "FinalChallenge.csproj", "{95C23D73-E7C3-4717-9F07-8A2929CB2CCB}"
EndProject
Project("{2150E333-8FDC-42A3-9474-1A3956D46DE8}") = "Solution Items", "Solution Items", "{99904DAF-FF90-4A4E-8502-2EE389E08BA8}"
	ProjectSection(SolutionItems) = preProject
		.editorconfig = .editorconfig
	EndProjectSection
EndProject
Global
	GlobalSection(SolutionConfigurationPlatforms) = preSolution
		Debug|Any CPU = Debug|Any CPU
		Release|Any CPU = Release|Any CPU
	EndGlobalSection
	GlobalSection(ProjectConfigurationPlatforms) = postSolution
		{95C23D73-E7C3-4717-9F07-8A2929CB2CCB}.Debug|Any CPU.ActiveCfg = Debug|Any CPU
		{95C23D73-E7C3-4717-9F07-8A2929CB2CCB}.Debug|Any CPU.Build.0 = Debug|Any CPU
		{95C23D73-E7C3-4717-9F07-8A2929CB2CCB}.Release|Any CPU.ActiveCfg = Release|Any CPU
		{95C23D73-E7C3-4717-9F07-8A2929CB2CCB}.Release|Any CPU.Build.0 = Release|Any CPU
	EndGlobalSection
	GlobalSection(SolutionProperties) = preSolution
		HideSolutionNode = FALSE
	EndGlobalSection
	GlobalSection(ExtensibilityGlobals) = postSolution
		SolutionGuid = {65799C9D-C0A9-4139-82E8-3A3CB7B0EB56}
	EndGlobalSection
EndGlobal
