
Microsoft Visual Studio Solution File, Format Version 12.00
# Visual Studio Version 16
VisualStudioVersion = 16.0.33529.622
MinimumVisualStudioVersion = 10.0.40219.1
Project("{FAE04EC0-301F-11D3-BF4B-00C04F79EFBC}") = "SWITCH CHALLENGE", "SWITCH CHALLENGE.csproj", "{F4E1CC04-A18C-4B5A-82BD-BFC0945D6B71}"
EndProject
Global
	GlobalSection(SolutionConfigurationPlatforms) = preSolution
		Debug|Any CPU = Debug|Any CPU
		Release|Any CPU = Release|Any CPU
	EndGlobalSection
	GlobalSection(ProjectConfigurationPlatforms) = postSolution
		{F4E1CC04-A18C-4B5A-82BD-BFC0945D6B71}.Debug|Any CPU.ActiveCfg = Debug|Any CPU
		{F4E1CC04-A18C-4B5A-82BD-BFC0945D6B71}.Debug|Any CPU.Build.0 = Debug|Any CPU
		{F4E1CC04-A18C-4B5A-82BD-BFC0945D6B71}.Release|Any CPU.ActiveCfg = Release|Any CPU
		{F4E1CC04-A18C-4B5A-82BD-BFC0945D6B71}.Release|Any CPU.Build.0 = Release|Any CPU
	EndGlobalSection
	GlobalSection(SolutionProperties) = preSolution
		HideSolutionNode = FALSE
	EndGlobalSection
	GlobalSection(ExtensibilityGlobals) = postSolution
		SolutionGuid = {7EB312C7-1C32-4D4F-80F5-C353A05AE187}
	EndGlobalSection
EndGlobal
